// !$*UTF8*$!
{
	archiveVersion = 1;
	classes = {
	};
	objectVersion = 48;
	objects = {

/* Begin PBXBuildFile section */
		8F483C4420FDF0DA00425EAD /* AppDelegate.swift in Sources */ = {isa = PBXBuildFile; fileRef = 8F483C4320FDF0DA00425EAD /* AppDelegate.swift */; };
		8F483C4620FDF0DA00425EAD /* ViewController.swift in Sources */ = {isa = PBXBuildFile; fileRef = 8F483C4520FDF0DA00425EAD /* ViewController.swift */; };
		8F483C4920FDF0DA00425EAD /* Main.storyboard in Resources */ = {isa = PBXBuildFile; fileRef = 8F483C4720FDF0DA00425EAD /* Main.storyboard */; };
		8F483C4B20FDF0DA00425EAD /* Assets.xcassets in Resources */ = {isa = PBXBuildFile; fileRef = 8F483C4A20FDF0DA00425EAD /* Assets.xcassets */; };
		8F483C4E20FDF0DA00425EAD /* LaunchScreen.storyboard in Resources */ = {isa = PBXBuildFile; fileRef = 8F483C4C20FDF0DA00425EAD /* LaunchScreen.storyboard */; };
		8F483C5920FDF0DA00425EAD /* CompleteSwiftBasicConceptTests.swift in Sources */ = {isa = PBXBuildFile; fileRef = 8F483C5820FDF0DA00425EAD /* CompleteSwiftBasicConceptTests.swift */; };
		8F483C6420FDF0DA00425EAD /* CompleteSwiftBasicConceptUITests.swift in Sources */ = {isa = PBXBuildFile; fileRef = 8F483C6320FDF0DA00425EAD /* CompleteSwiftBasicConceptUITests.swift */; };
/* End PBXBuildFile section */

/* Begin PBXContainerItemProxy section */
		8F483C5520FDF0DA00425EAD /* PBXContainerItemProxy */ = {
			isa = PBXContainerItemProxy;
			containerPortal = 8F483C3820FDF0DA00425EAD /* Project object */;
			proxyType = 1;
			remoteGlobalIDString = 8F483C3F20FDF0DA00425EAD;
			remoteInfo = CompleteSwiftBasicConcept;
		};
		8F483C6020FDF0DA00425EAD /* PBXContainerItemProxy */ = {
			isa = PBXContainerItemProxy;
			containerPortal = 8F483C3820FDF0DA00425EAD /* Project object */;
			proxyType = 1;
			remoteGlobalIDString = 8F483C3F20FDF0DA00425EAD;
			remoteInfo = CompleteSwiftBasicConcept;
		};
/* End PBXContainerItemProxy section */

/* Begin PBXFileReference section */
		8F483C4020FDF0DA00425EAD /* CompleteSwiftBasicConcept.app */ = {isa = PBXFileReference; explicitFileType = wrapper.application; includeInIndex = 0; path = CompleteSwiftBasicConcept.app; sourceTree = BUILT_PRODUCTS_DIR; };
		8F483C4320FDF0DA00425EAD /* AppDelegate.swift */ = {isa = PBXFileReference; lastKnownFileType = sourcecode.swift; path = AppDelegate.swift; sourceTree = "<group>"; };
		8F483C4520FDF0DA00425EAD /* ViewController.swift */ = {isa = PBXFileReference; lastKnownFileType = sourcecode.swift; path = ViewController.swift; sourceTree = "<group>"; };
		8F483C4820FDF0DA00425EAD /* Base */ = {isa = PBXFileReference; lastKnownFileType = file.storyboard; name = Base; path = Base.lproj/Main.storyboard; sourceTree = "<group>"; };
		8F483C4A20FDF0DA00425EAD /* Assets.xcassets */ = {isa = PBXFileReference; lastKnownFileType = folder.assetcatalog; path = Assets.xcassets; sourceTree = "<group>"; };
		8F483C4D20FDF0DA00425EAD /* Base */ = {isa = PBXFileReference; lastKnownFileType = file.storyboard; name = Base; path = Base.lproj/LaunchScreen.storyboard; sourceTree = "<group>"; };
		8F483C4F20FDF0DA00425EAD /* Info.plist */ = {isa = PBXFileReference; lastKnownFileType = text.plist.xml; path = Info.plist; sourceTree = "<group>"; };
		8F483C5420FDF0DA00425EAD /* CompleteSwiftBasicConceptTests.xctest */ = {isa = PBXFileReference; explicitFileType = wrapper.cfbundle; includeInIndex = 0; path = CompleteSwiftBasicConceptTests.xctest; sourceTree = BUILT_PRODUCTS_DIR; };
		8F483C5820FDF0DA00425EAD /* CompleteSwiftBasicConceptTests.swift */ = {isa = PBXFileReference; lastKnownFileType = sourcecode.swift; path = CompleteSwiftBasicConceptTests.swift; sourceTree = "<group>"; };
		8F483C5A20FDF0DA00425EAD /* Info.plist */ = {isa = PBXFileReference; lastKnownFileType = text.plist.xml; path = Info.plist; sourceTree = "<group>"; };
		8F483C5F20FDF0DA00425EAD /* CompleteSwiftBasicConceptUITests.xctest */ = {isa = PBXFileReference; explicitFileType = wrapper.cfbundle; includeInIndex = 0; path = CompleteSwiftBasicConceptUITests.xctest; sourceTree = BUILT_PRODUCTS_DIR; };
		8F483C6320FDF0DA00425EAD /* CompleteSwiftBasicConceptUITests.swift */ = {isa = PBXFileReference; lastKnownFileType = sourcecode.swift; path = CompleteSwiftBasicConceptUITests.swift; sourceTree = "<group>"; };
		8F483C6520FDF0DA00425EAD /* Info.plist */ = {isa = PBXFileReference; lastKnownFileType = text.plist.xml; path = Info.plist; sourceTree = "<group>"; };
/* End PBXFileReference section */

/* Begin PBXFrameworksBuildPhase section */
		8F483C3D20FDF0DA00425EAD /* Frameworks */ = {
			isa = PBXFrameworksBuildPhase;
			buildActionMask = 2147483647;
			files = (
			);
			runOnlyForDeploymentPostprocessing = 0;
		};
		8F483C5120FDF0DA00425EAD /* Frameworks */ = {
			isa = PBXFrameworksBuildPhase;
			buildActionMask = 2147483647;
			files = (
			);
			runOnlyForDeploymentPostprocessing = 0;
		};
		8F483C5C20FDF0DA00425EAD /* Frameworks */ = {
			isa = PBXFrameworksBuildPhase;
			buildActionMask = 2147483647;
			files = (
			);
			runOnlyForDeploymentPostprocessing = 0;
		};
/* End PBXFrameworksBuildPhase section */

/* Begin PBXGroup section */
		8F483C3720FDF0DA00425EAD = {
			isa = PBXGroup;
			children = (
				8F483C4220FDF0DA00425EAD /* CompleteSwiftBasicConcept */,
				8F483C5720FDF0DA00425EAD /* CompleteSwiftBasicConceptTests */,
				8F483C6220FDF0DA00425EAD /* CompleteSwiftBasicConceptUITests */,
				8F483C4120FDF0DA00425EAD /* Products */,
			);
			sourceTree = "<group>";
		};
		8F483C4120FDF0DA00425EAD /* Products */ = {
			isa = PBXGroup;
			children = (
				8F483C4020FDF0DA00425EAD /* CompleteSwiftBasicConcept.app */,
				8F483C5420FDF0DA00425EAD /* CompleteSwiftBasicConceptTests.xctest */,
				8F483C5F20FDF0DA00425EAD /* CompleteSwiftBasicConceptUITests.xctest */,
			);
			name = Products;
			sourceTree = "<group>";
		};
		8F483C4220FDF0DA00425EAD /* CompleteSwiftBasicConcept */ = {
			isa = PBXGroup;
			children = (
				8F483C4320FDF0DA00425EAD /* AppDelegate.swift */,
				8F483C4520FDF0DA00425EAD /* ViewController.swift */,
				8F483C4720FDF0DA00425EAD /* Main.storyboard */,
				8F483C4A20FDF0DA00425EAD /* Assets.xcassets */,
				8F483C4C20FDF0DA00425EAD /* LaunchScreen.storyboard */,
				8F483C4F20FDF0DA00425EAD /* Info.plist */,
			);
			path = CompleteSwiftBasicConcept;
			sourceTree = "<group>";
		};
		8F483C5720FDF0DA00425EAD /* CompleteSwiftBasicConceptTests */ = {
			isa = PBXGroup;
			children = (
				8F483C5820FDF0DA00425EAD /* CompleteSwiftBasicConceptTests.swift */,
				8F483C5A20FDF0DA00425EAD /* Info.plist */,
			);
			path = CompleteSwiftBasicConceptTests;
			sourceTree = "<group>";
		};
		8F483C6220FDF0DA00425EAD /* CompleteSwiftBasicConceptUITests */ = {
			isa = PBXGroup;
			children = (
				8F483C6320FDF0DA00425EAD /* CompleteSwiftBasicConceptUITests.swift */,
				8F483C6520FDF0DA00425EAD /* Info.plist */,
			);
			path = CompleteSwiftBasicConceptUITests;
			sourceTree = "<group>";
		};
/* End PBXGroup section */

/* Begin PBXNativeTarget section */
		8F483C3F20FDF0DA00425EAD /* CompleteSwiftBasicConcept */ = {
			isa = PBXNativeTarget;
			buildConfigurationList = 8F483C6820FDF0DA00425EAD /* Build configuration list for PBXNativeTarget "CompleteSwiftBasicConcept" */;
			buildPhases = (
				8F483C3C20FDF0DA00425EAD /* Sources */,
				8F483C3D20FDF0DA00425EAD /* Frameworks */,
				8F483C3E20FDF0DA00425EAD /* Resources */,
			);
			buildRules = (
			);
			dependencies = (
			);
			name = CompleteSwiftBasicConcept;
			productName = CompleteSwiftBasicConcept;
			productReference = 8F483C4020FDF0DA00425EAD /* CompleteSwiftBasicConcept.app */;
			productType = "com.apple.product-type.application";
		};
		8F483C5320FDF0DA00425EAD /* CompleteSwiftBasicConceptTests */ = {
			isa = PBXNativeTarget;
			buildConfigurationList = 8F483C6B20FDF0DA00425EAD /* Build configuration list for PBXNativeTarget "CompleteSwiftBasicConceptTests" */;
			buildPhases = (
				8F483C5020FDF0DA00425EAD /* Sources */,
				8F483C5120FDF0DA00425EAD /* Frameworks */,
				8F483C5220FDF0DA00425EAD /* Resources */,
			);
			buildRules = (
			);
			dependencies = (
				8F483C5620FDF0DA00425EAD /* PBXTargetDependency */,
			);
			name = CompleteSwiftBasicConceptTests;
			productName = CompleteSwiftBasicConceptTests;
			productReference = 8F483C5420FDF0DA00425EAD /* CompleteSwiftBasicConceptTests.xctest */;
			productType = "com.apple.product-type.bundle.unit-test";
		};
		8F483C5E20FDF0DA00425EAD /* CompleteSwiftBasicConceptUITests */ = {
			isa = PBXNativeTarget;
			buildConfigurationList = 8F483C6E20FDF0DA00425EAD /* Build configuration list for PBXNativeTarget "CompleteSwiftBasicConceptUITests" */;
			buildPhases = (
				8F483C5B20FDF0DA00425EAD /* Sources */,
				8F483C5C20FDF0DA00425EAD /* Frameworks */,
				8F483C5D20FDF0DA00425EAD /* Resources */,
			);
			buildRules = (
			);
			dependencies = (
				8F483C6120FDF0DA00425EAD /* PBXTargetDependency */,
			);
			name = CompleteSwiftBasicConceptUITests;
			productName = CompleteSwiftBasicConceptUITests;
			productReference = 8F483C5F20FDF0DA00425EAD /* CompleteSwiftBasicConceptUITests.xctest */;
			productType = "com.apple.product-type.bundle.ui-testing";
		};
/* End PBXNativeTarget section */

/* Begin PBXProject section */
		8F483C3820FDF0DA00425EAD /* Project object */ = {
			isa = PBXProject;
			attributes = {
				LastSwiftUpdateCheck = 0900;
				LastUpgradeCheck = 0900;
				ORGANIZATIONNAME = nikhilboriwale;
				TargetAttributes = {
					8F483C3F20FDF0DA00425EAD = {
						CreatedOnToolsVersion = 9.0;
						ProvisioningStyle = Automatic;
					};
					8F483C5320FDF0DA00425EAD = {
						CreatedOnToolsVersion = 9.0;
						ProvisioningStyle = Automatic;
						TestTargetID = 8F483C3F20FDF0DA00425EAD;
					};
					8F483C5E20FDF0DA00425EAD = {
						CreatedOnToolsVersion = 9.0;
						ProvisioningStyle = Automatic;
						TestTargetID = 8F483C3F20FDF0DA00425EAD;
					};
				};
			};
			buildConfigurationList = 8F483C3B20FDF0DA00425EAD /* Build configuration list for PBXProject "CompleteSwiftBasicConcept" */;
			compatibilityVersion = "Xcode 8.0";
			developmentRegion = en;
			hasScannedForEncodings = 0;
			knownRegions = (
				en,
				Base,
			);
			mainGroup = 8F483C3720FDF0DA00425EAD;
			productRefGroup = 8F483C4120FDF0DA00425EAD /* Products */;
			projectDirPath = "";
			projectRoot = "";
			targets = (
				8F483C3F20FDF0DA00425EAD /* CompleteSwiftBasicConcept */,
				8F483C5320FDF0DA00425EAD /* CompleteSwiftBasicConceptTests */,
				8F483C5E20FDF0DA00425EAD /* CompleteSwiftBasicConceptUITests */,
			);
		};
/* End PBXProject section */

/* Begin PBXResourcesBuildPhase section */
		8F483C3E20FDF0DA00425EAD /* Resources */ = {
			isa = PBXResourcesBuildPhase;
			buildActionMask = 2147483647;
			files = (
				8F483C4E20FDF0DA00425EAD /* LaunchScreen.storyboard in Resources */,
				8F483C4B20FDF0DA00425EAD /* Assets.xcassets in Resources */,
				8F483C4920FDF0DA00425EAD /* Main.storyboard in Resources */,
			);
			runOnlyForDeploymentPostprocessing = 0;
		};
		8F483C5220FDF0DA00425EAD /* Resources */ = {
			isa = PBXResourcesBuildPhase;
			buildActionMask = 2147483647;
			files = (
			);
			runOnlyForDeploymentPostprocessing = 0;
		};
		8F483C5D20FDF0DA00425EAD /* Resources */ = {
			isa = PBXResourcesBuildPhase;
			buildActionMask = 2147483647;
			files = (
			);
			runOnlyForDeploymentPostprocessing = 0;
		};
/* End PBXResourcesBuildPhase section */

/* Begin PBXSourcesBuildPhase section */
		8F483C3C20FDF0DA00425EAD /* Sources */ = {
			isa = PBXSourcesBuildPhase;
			buildActionMask = 2147483647;
			files = (
				8F483C4620FDF0DA00425EAD /* ViewController.swift in Sources */,
				8F483C4420FDF0DA00425EAD /* AppDelegate.swift in Sources */,
			);
			runOnlyForDeploymentPostprocessing = 0;
		};
		8F483C5020FDF0DA00425EAD /* Sources */ = {
			isa = PBXSourcesBuildPhase;
			buildActionMask = 2147483647;
			files = (
				8F483C5920FDF0DA00425EAD /* CompleteSwiftBasicConceptTests.swift in Sources */,
			);
			runOnlyForDeploymentPostprocessing = 0;
		};
		8F483C5B20FDF0DA00425EAD /* Sources */ = {
			isa = PBXSourcesBuildPhase;
			buildActionMask = 2147483647;
			files = (
				8F483C6420FDF0DA00425EAD /* CompleteSwiftBasicConceptUITests.swift in Sources */,
			);
			runOnlyForDeploymentPostprocessing = 0;
		};
/* End PBXSourcesBuildPhase section */

/* Begin PBXTargetDependency section */
		8F483C5620FDF0DA00425EAD /* PBXTargetDependency */ = {
			isa = PBXTargetDependency;
			target = 8F483C3F20FDF0DA00425EAD /* CompleteSwiftBasicConcept */;
			targetProxy = 8F483C5520FDF0DA00425EAD /* PBXContainerItemProxy */;
		};
		8F483C6120FDF0DA00425EAD /* PBXTargetDependency */ = {
			isa = PBXTargetDependency;
			target = 8F483C3F20FDF0DA00425EAD /* CompleteSwiftBasicConcept */;
			targetProxy = 8F483C6020FDF0DA00425EAD /* PBXContainerItemProxy */;
		};
/* End PBXTargetDependency section */

/* Begin PBXVariantGroup section */
		8F483C4720FDF0DA00425EAD /* Main.storyboard */ = {
			isa = PBXVariantGroup;
			children = (
				8F483C4820FDF0DA00425EAD /* Base */,
			);
			name = Main.storyboard;
			sourceTree = "<group>";
		};
		8F483C4C20FDF0DA00425EAD /* LaunchScreen.storyboard */ = {
			isa = PBXVariantGroup;
			children = (
				8F483C4D20FDF0DA00425EAD /* Base */,
			);
			name = LaunchScreen.storyboard;
			sourceTree = "<group>";
		};
/* End PBXVariantGroup section */

/* Begin XCBuildConfiguration section */
		8F483C6620FDF0DA00425EAD /* Debug */ = {
			isa = XCBuildConfiguration;
			buildSettings = {
				ALWAYS_SEARCH_USER_PATHS = NO;
				CLANG_ANALYZER_NONNULL = YES;
				CLANG_ANALYZER_NUMBER_OBJECT_CONVERSION = YES_AGGRESSIVE;
				CLANG_CXX_LANGUAGE_STANDARD = "gnu++14";
				CLANG_CXX_LIBRARY = "libc++";
				CLANG_ENABLE_MODULES = YES;
				CLANG_ENABLE_OBJC_ARC = YES;
				CLANG_WARN_BLOCK_CAPTURE_AUTORELEASING = YES;
				CLANG_WARN_BOOL_CONVERSION = YES;
				CLANG_WARN_COMMA = YES;
				CLANG_WARN_CONSTANT_CONVERSION = YES;
				CLANG_WARN_DIRECT_OBJC_ISA_USAGE = YES_ERROR;
				CLANG_WARN_DOCUMENTATION_COMMENTS = YES;
				CLANG_WARN_EMPTY_BODY = YES;
				CLANG_WARN_ENUM_CONVERSION = YES;
				CLANG_WARN_INFINITE_RECURSION = YES;
				CLANG_WARN_INT_CONVERSION = YES;
				CLANG_WARN_NON_LITERAL_NULL_CONVERSION = YES;
				CLANG_WARN_OBJC_LITERAL_CONVERSION = YES;
				CLANG_WARN_OBJC_ROOT_CLASS = YES_ERROR;
				CLANG_WARN_RANGE_LOOP_ANALYSIS = YES;
				CLANG_WARN_STRICT_PROTOTYPES = YES;
				CLANG_WARN_SUSPICIOUS_MOVE = YES;
				CLANG_WARN_UNGUARDED_AVAILABILITY = YES_AGGRESSIVE;
				CLANG_WARN_UNREACHABLE_CODE = YES;
				CLANG_WARN__DUPLICATE_METHOD_MATCH = YES;
				CODE_SIGN_IDENTITY = "iPhone Developer";
				COPY_PHASE_STRIP = NO;
				DEBUG_INFORMATION_FORMAT = dwarf;
				ENABLE_STRICT_OBJC_MSGSEND = YES;
				ENABLE_TESTABILITY = YES;
				GCC_C_LANGUAGE_STANDARD = gnu11;
				GCC_DYNAMIC_NO_PIC = NO;
				GCC_NO_COMMON_BLOCKS = YES;
				GCC_OPTIMIZATION_LEVEL = 0;
				GCC_PREPROCESSOR_DEFINITIONS = (
					"DEBUG=1",
					"$(inherited)",
				);
				GCC_WARN_64_TO_32_BIT_CONVERSION = YES;
				GCC_WARN_ABOUT_RETURN_TYPE = YES_ERROR;
				GCC_WARN_UNDECLARED_SELECTOR = YES;
				GCC_WARN_UNINITIALIZED_AUTOS = YES_AGGRESSIVE;
				GCC_WARN_UNUSED_FUNCTION = YES;
				GCC_WARN_UNUSED_VARIABLE = YES;
				IPHONEOS_DEPLOYMENT_TARGET = 11.0;
				MTL_ENABLE_DEBUG_INFO = YES;
				ONLY_ACTIVE_ARCH = YES;
				SDKROOT = iphoneos;
				SWIFT_ACTIVE_COMPILATION_CONDITIONS = DEBUG;
				SWIFT_OPTIMIZATION_LEVEL = "-Onone";
			};
			name = Debug;
		};
		8F483C6720FDF0DA00425EAD /* Release */ = {
			isa = XCBuildConfiguration;
			buildSettings = {
				ALWAYS_SEARCH_USER_PATHS = NO;
				CLANG_ANALYZER_NONNULL = YES;
				CLANG_ANALYZER_NUMBER_OBJECT_CONVERSION = YES_AGGRESSIVE;
				CLANG_CXX_LANGUAGE_STANDARD = "gnu++14";
				CLANG_CXX_LIBRARY = "libc++";
				CLANG_ENABLE_MODULES = YES;
				CLANG_ENABLE_OBJC_ARC = YES;
				CLANG_WARN_BLOCK_CAPTURE_AUTORELEASING = YES;
				CLANG_WARN_BOOL_CONVERSION = YES;
				CLANG_WARN_COMMA = YES;
				CLANG_WARN_CONSTANT_CONVERSION = YES;
				CLANG_WARN_DIRECT_OBJC_ISA_USAGE = YES_ERROR;
				CLANG_WARN_DOCUMENTATION_COMMENTS = YES;
				CLANG_WARN_EMPTY_BODY = YES;
				CLANG_WARN_ENUM_CONVERSION = YES;
				CLANG_WARN_INFINITE_RECURSION = YES;
				CLANG_WARN_INT_CONVERSION = YES;
				CLANG_WARN_NON_LITERAL_NULL_CONVERSION = YES;
				CLANG_WARN_OBJC_LITERAL_CONVERSION = YES;
				CLANG_WARN_OBJC_ROOT_CLASS = YES_ERROR;
				CLANG_WARN_RANGE_LOOP_ANALYSIS = YES;
				CLANG_WARN_STRICT_PROTOTYPES = YES;
				CLANG_WARN_SUSPICIOUS_MOVE = YES;
				CLANG_WARN_UNGUARDED_AVAILABILITY = YES_AGGRESSIVE;
				CLANG_WARN_UNREACHABLE_CODE = YES;
				CLANG_WARN__DUPLICATE_METHOD_MATCH = YES;
				CODE_SIGN_IDENTITY = "iPhone Developer";
				COPY_PHASE_STRIP = NO;
				DEBUG_INFORMATION_FORMAT = "dwarf-with-dsym";
				ENABLE_NS_ASSERTIONS = NO;
				ENABLE_STRICT_OBJC_MSGSEND = YES;
				GCC_C_LANGUAGE_STANDARD = gnu11;
				GCC_NO_COMMON_BLOCKS = YES;
				GCC_WARN_64_TO_32_BIT_CONVERSION = YES;
				GCC_WARN_ABOUT_RETURN_TYPE = YES_ERROR;
				GCC_WARN_UNDECLARED_SELECTOR = YES;
				GCC_WARN_UNINITIALIZED_AUTOS = YES_AGGRESSIVE;
				GCC_WARN_UNUSED_FUNCTION = YES;
				GCC_WARN_UNUSED_VARIABLE = YES;
				IPHONEOS_DEPLOYMENT_TARGET = 11.0;
				MTL_ENABLE_DEBUG_INFO = NO;
				SDKROOT = iphoneos;
				SWIFT_OPTIMIZATION_LEVEL = "-Owholemodule";
				VALIDATE_PRODUCT = YES;
			};
			name = Release;
		};
		8F483C6920FDF0DA00425EAD /* Debug */ = {
			isa = XCBuildConfiguration;
			buildSettings = {
				ASSETCATALOG_COMPILER_APPICON_NAME = AppIcon;
				CODE_SIGN_STYLE = Automatic;
				DEVELOPMENT_TEAM = 45KD8C6QRJ;
				INFOPLIST_FILE = CompleteSwiftBasicConcept/Info.plist;
				LD_RUNPATH_SEARCH_PATHS = "$(inherited) @executable_path/Frameworks";
				PRODUCT_BUNDLE_IDENTIFIER = Com.nikhilboriwale.CompleteSwiftBasicConcept;
				PRODUCT_NAME = "$(TARGET_NAME)";
				SWIFT_VERSION = 4.0;
				TARGETED_DEVICE_FAMILY = "1,2";
			};
			name = Debug;
		};
		8F483C6A20FDF0DA00425EAD /* Release */ = {
			isa = XCBuildConfiguration;
			buildSettings = {
				ASSETCATALOG_COMPILER_APPICON_NAME = AppIcon;
				CODE_SIGN_STYLE = Automatic;
				DEVELOPMENT_TEAM = 45KD8C6QRJ;
				INFOPLIST_FILE = CompleteSwiftBasicConcept/Info.plist;
				LD_RUNPATH_SEARCH_PATHS = "$(inherited) @executable_path/Frameworks";
				PRODUCT_BUNDLE_IDENTIFIER = Com.nikhilboriwale.CompleteSwiftBasicConcept;
				PRODUCT_NAME = "$(TARGET_NAME)";
				SWIFT_VERSION = 4.0;
				TARGETED_DEVICE_FAMILY = "1,2";
			};
			name = Release;
		};
		8F483C6C20FDF0DA00425EAD /* Debug */ = {
			isa = XCBuildConfiguration;
			buildSettings = {
				ALWAYS_EMBED_SWIFT_STANDARD_LIBRARIES = YES;
				BUNDLE_LOADER = "$(TEST_HOST)";
				CODE_SIGN_STYLE = Automatic;
				INFOPLIST_FILE = CompleteSwiftBasicConceptTests/Info.plist;
				LD_RUNPATH_SEARCH_PATHS = "$(inherited) @executable_path/Frameworks @loader_path/Frameworks";
				PRODUCT_BUNDLE_IDENTIFIER = Com.nikhilboriwale.CompleteSwiftBasicConceptTests;
				PRODUCT_NAME = "$(TARGET_NAME)";
				SWIFT_VERSION = 4.0;
				TARGETED_DEVICE_FAMILY = "1,2";
				TEST_HOST = "$(BUILT_PRODUCTS_DIR)/CompleteSwiftBasicConcept.app/CompleteSwiftBasicConcept";
			};
			name = Debug;
		};
		8F483C6D20FDF0DA00425EAD /* Release */ = {
			isa = XCBuildConfiguration;
			buildSettings = {
				ALWAYS_EMBED_SWIFT_STANDARD_LIBRARIES = YES;
				BUNDLE_LOADER = "$(TEST_HOST)";
				CODE_SIGN_STYLE = Automatic;
				INFOPLIST_FILE = CompleteSwiftBasicConceptTests/Info.plist;
				LD_RUNPATH_SEARCH_PATHS = "$(inherited) @executable_path/Frameworks @loader_path/Frameworks";
				PRODUCT_BUNDLE_IDENTIFIER = Com.nikhilboriwale.CompleteSwiftBasicConceptTests;
				PRODUCT_NAME = "$(TARGET_NAME)";
				SWIFT_VERSION = 4.0;
				TARGETED_DEVICE_FAMILY = "1,2";
				TEST_HOST = "$(BUILT_PRODUCTS_DIR)/CompleteSwiftBasicConcept.app/CompleteSwiftBasicConcept";
			};
			name = Release;
		};
		8F483C6F20FDF0DA00425EAD /* Debug */ = {
			isa = XCBuildConfiguration;
			buildSettings = {
				ALWAYS_EMBED_SWIFT_STANDARD_LIBRARIES = YES;
				CODE_SIGN_STYLE = Automatic;
				INFOPLIST_FILE = CompleteSwiftBasicConceptUITests/Info.plist;
				LD_RUNPATH_SEARCH_PATHS = "$(inherited) @executable_path/Frameworks @loader_path/Frameworks";
				PRODUCT_BUNDLE_IDENTIFIER = Com.nikhilboriwale.CompleteSwiftBasicConceptUITests;
				PRODUCT_NAME = "$(TARGET_NAME)";
				SWIFT_VERSION = 4.0;
				TARGETED_DEVICE_FAMILY = "1,2";
				TEST_TARGET_NAME = CompleteSwiftBasicConcept;
			};
			name = Debug;
		};
		8F483C7020FDF0DA00425EAD /* Release */ = {
			isa = XCBuildConfiguration;
			buildSettings = {
				ALWAYS_EMBED_SWIFT_STANDARD_LIBRARIES = YES;
				CODE_SIGN_STYLE = Automatic;
				INFOPLIST_FILE = CompleteSwiftBasicConceptUITests/Info.plist;
				LD_RUNPATH_SEARCH_PATHS = "$(inherited) @executable_path/Frameworks @loader_path/Frameworks";
				PRODUCT_BUNDLE_IDENTIFIER = Com.nikhilboriwale.CompleteSwiftBasicConceptUITests;
				PRODUCT_NAME = "$(TARGET_NAME)";
				SWIFT_VERSION = 4.0;
				TARGETED_DEVICE_FAMILY = "1,2";
				TEST_TARGET_NAME = CompleteSwiftBasicConcept;
			};
			name = Release;
		};
/* End XCBuildConfiguration section */

/* Begin XCConfigurationList section */
		8F483C3B20FDF0DA00425EAD /* Build configuration list for PBXProject "CompleteSwiftBasicConcept" */ = {
			isa = XCConfigurationList;
			buildConfigurations = (
				8F483C6620FDF0DA00425EAD /* Debug */,
				8F483C6720FDF0DA00425EAD /* Release */,
			);
			defaultConfigurationIsVisible = 0;
			defaultConfigurationName = Release;
		};
		8F483C6820FDF0DA00425EAD /* Build configuration list for PBXNativeTarget "CompleteSwiftBasicConcept" */ = {
			isa = XCConfigurationList;
			buildConfigurations = (
				8F483C6920FDF0DA00425EAD /* Debug */,
				8F483C6A20FDF0DA00425EAD /* Release */,
			);
			defaultConfigurationIsVisible = 0;
			defaultConfigurationName = Release;
		};
		8F483C6B20FDF0DA00425EAD /* Build configuration list for PBXNativeTarget "CompleteSwiftBasicConceptTests" */ = {
			isa = XCConfigurationList;
			buildConfigurations = (
				8F483C6C20FDF0DA00425EAD /* Debug */,
				8F483C6D20FDF0DA00425EAD /* Release */,
			);
			defaultConfigurationIsVisible = 0;
			defaultConfigurationName = Release;
		};
		8F483C6E20FDF0DA00425EAD /* Build configuration list for PBXNativeTarget "CompleteSwiftBasicConceptUITests" */ = {
			isa = XCConfigurationList;
			buildConfigurations = (
				8F483C6F20FDF0DA00425EAD /* Debug */,
				8F483C7020FDF0DA00425EAD /* Release */,
			);
			defaultConfigurationIsVisible = 0;
			defaultConfigurationName = Release;
		};
/* End XCConfigurationList section */
	};
	rootObject = 8F483C3820FDF0DA00425EAD /* Project object */;
}
